
Microsoft Visual Studio Solution File, Format Version 12.00
# Visual Studio Version 16
VisualStudioVersion = 16.0.34729.46
MinimumVisualStudioVersion = 10.0.40219.1
Project("{FAE04EC0-301F-11D3-BF4B-00C04F79EFBC}") = "Lab2", "Lab2\Lab2.csproj", "{2809B4C3-6DBC-429A-8920-C92C95640E46}"
EndProject
Global
	GlobalSection(SolutionConfigurationPlatforms) = preSolution
		Debug|Any CPU = Debug|Any CPU
		Release|Any CPU = Release|Any CPU
	EndGlobalSection
	GlobalSection(ProjectConfigurationPlatforms) = postSolution
		{2809B4C3-6DBC-429A-8920-C92C95640E46}.Debug|Any CPU.ActiveCfg = Debug|Any CPU
		{2809B4C3-6DBC-429A-8920-C92C95640E46}.Debug|Any CPU.Build.0 = Debug|Any CPU
		{2809B4C3-6DBC-429A-8920-C92C95640E46}.Release|Any CPU.ActiveCfg = Release|Any CPU
		{2809B4C3-6DBC-429A-8920-C92C95640E46}.Release|Any CPU.Build.0 = Release|Any CPU
	EndGlobalSection
	GlobalSection(SolutionProperties) = preSolution
		HideSolutionNode = FALSE
	EndGlobalSection
	GlobalSection(ExtensibilityGlobals) = postSolution
		SolutionGuid = {753B3C83-B4BB-4FF3-BDB2-31F76A9D43CF}
	EndGlobalSection
EndGlobal
